
Microsoft Visual Studio Solution File, Format Version 12.00
# Visual Studio Version 17
VisualStudioVersion = 17.2.32505.173
MinimumVisualStudioVersion = 10.0.40219.1
Project("{FAE04EC0-301F-11D3-BF4B-00C04F79EFBC}") = "WpfApp1", "WpfApp1\WpfApp1.csproj", "{FA170820-8D74-4FE5-B8B3-D46E7D853497}"
EndProject
Global
	GlobalSection(SolutionConfigurationPlatforms) = preSolution
		Debug|Any CPU = Debug|Any CPU
		Release|Any CPU = Release|Any CPU
	EndGlobalSection
	GlobalSection(ProjectConfigurationPlatforms) = postSolution
		{FA170820-8D74-4FE5-B8B3-D46E7D853497}.Debug|Any CPU.ActiveCfg = Debug|Any CPU
		{FA170820-8D74-4FE5-B8B3-D46E7D853497}.Debug|Any CPU.Build.0 = Debug|Any CPU
		{FA170820-8D74-4FE5-B8B3-D46E7D853497}.Release|Any CPU.ActiveCfg = Release|Any CPU
		{FA170820-8D74-4FE5-B8B3-D46E7D853497}.Release|Any CPU.Build.0 = Release|Any CPU
	EndGlobalSection
	GlobalSection(SolutionProperties) = preSolution
		HideSolutionNode = FALSE
	EndGlobalSection
	GlobalSection(ExtensibilityGlobals) = postSolution
		SolutionGuid = {EE1F4ED6-17D8-4D8D-9833-FF65D71150D7}
	EndGlobalSection
EndGlobal
